{
  "version": 2,
  "dependencies": {
    "net10.0": {
      "Aviationexam.GeneratedJsonConverters.SourceGenerator": {
        "type": "Direct",
        "requested": "[0.6.3, )",
        "resolved": "0.6.3",
        "contentHash": "uXMPurvQxvqPuGs8/88pd+wcTWuLBm4kwI4OqkVfu45vpZsZrrR+mnx5CVf0zvA9wFpWW8XWW7Slkfen9Z6WBQ=="
      },
      "Microsoft.NET.ILLink.Tasks": {
        "type": "Direct",
        "requested": "[10.0.6, )",
        "resolved": "10.0.6",
        "contentHash": "QKuvS0LWX4fjFqeDkyM7Kqt8P3wYTiPD4nwU+9y59n0sCiG714fxDgbbN82vDnzq89AF/PiHl92TP2C4aFDUQA=="
      }
    },
    "net8.0": {
      "Aviationexam.GeneratedJsonConverters.SourceGenerator": {
        "type": "Direct",
        "requested": "[0.6.3, )",
        "resolved": "0.6.3",
        "contentHash": "uXMPurvQxvqPuGs8/88pd+wcTWuLBm4kwI4OqkVfu45vpZsZrrR+mnx5CVf0zvA9wFpWW8XWW7Slkfen9Z6WBQ=="
      },
      "Microsoft.NET.ILLink.Tasks": {
        "type": "Direct",
        "requested": "[8.0.26, )",
        "resolved": "8.0.26",
        "contentHash": "o7/yVssM2r9Wyln2s9edBd5ANZXqdSdBI+g7JqXkyJmXrhs2WsJp25K5yPnYrTgdKBCjKB8bg+O2oew4sgzFaA=="
      }
    },
    "net9.0": {
      "Aviationexam.GeneratedJsonConverters.SourceGenerator": {
        "type": "Direct",
        "requested": "[0.6.3, )",
        "resolved": "0.6.3",
        "contentHash": "uXMPurvQxvqPuGs8/88pd+wcTWuLBm4kwI4OqkVfu45vpZsZrrR+mnx5CVf0zvA9wFpWW8XWW7Slkfen9Z6WBQ=="
      },
      "Microsoft.NET.ILLink.Tasks": {
        "type": "Direct",
        "requested": "[9.0.15, )",
        "resolved": "9.0.15",
        "contentHash": "EejcbfCMR77Dthy77qxRbEShmzLApHZUPqXMBVQK+A0pNrRThkaHoGGMGvbq/gTkC/waKcDEgjBkbaejB58Wtw=="
      }
    }
  }
}