
Microsoft Visual Studio Solution File, Format Version 12.00
Project("{2150E333-8FDC-42A3-9474-1A3956D46DE8}") = "_SolutionFiles", "_SolutionFiles", "{8B091B23-F494-4969-964F-41B68F98EC49}"
	ProjectSection(SolutionItems) = preProject
		..\.editorconfig = ..\.editorconfig
		..\.gitattributes = ..\.gitattributes
		..\.gitignore = ..\.gitignore
		..\GitVersion.yml = ..\GitVersion.yml
		..\README.md = ..\README.md
		..\props\Daktela.props = ..\props\Daktela.props
		WarningConfiguration.targets = WarningConfiguration.targets
		..\.github\dependabot.yml = ..\.github\dependabot.yml
		..\.config\dotnet-tools.json = ..\.config\dotnet-tools.json
	EndProjectSection
EndProject
Project("{2150E333-8FDC-42A3-9474-1A3956D46DE8}") = "workflows", "workflows", "{4012704E-C06D-433B-9B5F-D1C681ECFEE3}"
	ProjectSection(SolutionItems) = preProject
		..\.github\workflows\build.yml = ..\.github\workflows\build.yml
		..\.github\workflows\nightly-release.yml = ..\.github\workflows\nightly-release.yml
		..\.github\workflows\pr-build.yml = ..\.github\workflows\pr-build.yml
		..\.github\workflows\release.yml = ..\.github\workflows\release.yml
	EndProjectSection
EndProject
Project("{FAE04EC0-301F-11D3-BF4B-00C04F79EFBC}") = "Daktela.HttpClient", "Daktela.HttpClient\Daktela.HttpClient.csproj", "{F2F6D3E4-67AA-49EC-9316-DDA5DDADE97F}"
EndProject
Project("{FAE04EC0-301F-11D3-BF4B-00C04F79EFBC}") = "Daktela.HttpClient.Tests", "..\tests\Daktela.HttpClient.Tests\Daktela.HttpClient.Tests.csproj", "{34284B76-2D8F-409A-B911-1E4945EDAC10}"
EndProject
Global
	GlobalSection(SolutionConfigurationPlatforms) = preSolution
		Debug|Any CPU = Debug|Any CPU
		Release|Any CPU = Release|Any CPU
	EndGlobalSection
	GlobalSection(NestedProjects) = preSolution
		{4012704E-C06D-433B-9B5F-D1C681ECFEE3} = {8B091B23-F494-4969-964F-41B68F98EC49}
	EndGlobalSection
	GlobalSection(ProjectConfigurationPlatforms) = postSolution
		{F2F6D3E4-67AA-49EC-9316-DDA5DDADE97F}.Debug|Any CPU.ActiveCfg = Debug|Any CPU
		{F2F6D3E4-67AA-49EC-9316-DDA5DDADE97F}.Debug|Any CPU.Build.0 = Debug|Any CPU
		{F2F6D3E4-67AA-49EC-9316-DDA5DDADE97F}.Release|Any CPU.ActiveCfg = Release|Any CPU
		{F2F6D3E4-67AA-49EC-9316-DDA5DDADE97F}.Release|Any CPU.Build.0 = Release|Any CPU
		{34284B76-2D8F-409A-B911-1E4945EDAC10}.Debug|Any CPU.ActiveCfg = Debug|Any CPU
		{34284B76-2D8F-409A-B911-1E4945EDAC10}.Debug|Any CPU.Build.0 = Debug|Any CPU
		{34284B76-2D8F-409A-B911-1E4945EDAC10}.Release|Any CPU.ActiveCfg = Release|Any CPU
		{34284B76-2D8F-409A-B911-1E4945EDAC10}.Release|Any CPU.Build.0 = Release|Any CPU
	EndGlobalSection
EndGlobal
